name: 'Lock Threads'

on:
  schedule:
    - cron: '0 * * * *'

permissions:
  issues: write
  pull-requests: write

jobs:
  action:
    runs-on: ubuntu-latest
    steps:
      - uses: dessant/lock-threads@v2
        with:
          github-token: ${{ github.token }}
          issue-lock-inactive-days: '60'
          pr-lock-inactive-days: '60'
          issue-exclude-labels: 'KEEP'
          pr-exclude-labels: 'KEEP'